<?xml version="1.0" encoding="utf-8"?>
<Project ToolsVersion="4.0" xmlns="http://schemas.microsoft.com/developer/msbuild/2003">
  <ItemGroup>
    <Filter Include="Source Files">
      <UniqueIdentifier>{4FC737F1-C7A5-4376-A066-2A32D752A2FF}</UniqueIdentifier>
      <Extensions>cpp;c;cc;cxx;def;odl;idl;hpj;bat;asm;asmx</Extensions>
    </Filter>
    <Filter Include="Header Files">
      <UniqueIdentifier>{93995380-89BD-4b04-88EB-625FBE52EBFB}</UniqueIdentifier>
      <Extensions>h;hpp;hxx;hm;inl;inc;xsd</Extensions>
    </Filter>
    <Filter Include="Header Files\supp">
      <UniqueIdentifier>{7fe83514-e423-4839-a33d-f4ea462c9c5a}</UniqueIdentifier>
    </Filter>
    <Filter Include="Resource Files">
      <UniqueIdentifier>{67DA6AB6-F800-4c08-8B7A-83BB121AAD01}</UniqueIdentifier>
      <Extensions>rc;ico;cur;bmp;dlg;rc2;rct;bin;rgs;gif;jpg;jpeg;jpe;resx;tiff;tif;png;wav</Extensions>
    </Filter>
    <Filter Include="Header Files\crypto">
      <UniqueIdentifier>{ca283cc3-355d-46aa-9ce3-c3b73573ba1e}</UniqueIdentifier>
    </Filter>
    <Filter Include="Header Files\crypto\sha2">
      <UniqueIdentifier>{45d1f709-621c-407f-81f2-173bc82f4033}</UniqueIdentifier>
    </Filter>
    <Filter Include="Header Files\crypto\skein">
      <UniqueIdentifier>{e2a645db-6438-4e09-9eea-8a8b8f18b22b}</UniqueIdentifier>
    </Filter>
    <Filter Include="Source Files\crypto">
      <UniqueIdentifier>{2e721aad-e1c0-4041-850c-6ca853d2ef8b}</UniqueIdentifier>
    </Filter>
    <Filter Include="Source Files\crypto\sha2">
      <UniqueIdentifier>{3971f330-4bf4-4b58-9e4f-0e073e3f67c4}</UniqueIdentifier>
    </Filter>
    <Filter Include="Source Files\crypto\skein">
      <UniqueIdentifier>{009cc86a-fa2d-412c-8939-1d42a71a0e85}</UniqueIdentifier>
    </Filter>
  </ItemGroup>
  <ItemGroup>
    <ClCompile Include="..\..\libmd\md4c.c">
      <Filter>Source Files</Filter>
    </ClCompile>
    <ClCompile Include="..\..\libmd\md4hl.c">
      <Filter>Source Files</Filter>
    </ClCompile>
    <ClCompile Include="..\..\libmd\md5c.c">
      <Filter>Source Files</Filter>
    </ClCompile>
    <ClCompile Include="..\..\libmd\md5hl.c">
      <Filter>Source Files</Filter>
    </ClCompile>
    <ClCompile Include="..\..\libmd\rmd160c.c">
      <Filter>Source Files</Filter>
    </ClCompile>
    <ClCompile Include="..\..\libmd\rmd160hl.c">
      <Filter>Source Files</Filter>
    </ClCompile>
    <ClCompile Include="..\..\libmd\sha0c.c">
      <Filter>Source Files</Filter>
    </ClCompile>
    <ClCompile Include="..\..\libmd\sha0hl.c">
      <Filter>Source Files</Filter>
    </ClCompile>
    <ClCompile Include="..\..\libmd\sha1c.c">
      <Filter>Source Files</Filter>
    </ClCompile>
    <ClCompile Include="..\..\libmd\sha1hl.c">
      <Filter>Source Files</Filter>
    </ClCompile>
    <ClCompile Include="..\..\libmd\sha256hl.c">
      <Filter>Source Files</Filter>
    </ClCompile>
    <ClCompile Include="..\..\libmd\sha512hl.c">
      <Filter>Source Files</Filter>
    </ClCompile>
    <ClCompile Include="..\..\libmd\crypto\sha2\sha256c.c">
      <Filter>Source Files\crypto\sha2</Filter>
    </ClCompile>
    <ClCompile Include="..\..\libmd\crypto\sha2\sha512c.c">
      <Filter>Source Files\crypto\sha2</Filter>
    </ClCompile>
    <ClCompile Include="..\..\libmd\crypto\skein\skein.c">
      <Filter>Source Files\crypto\skein</Filter>
    </ClCompile>
    <ClCompile Include="..\..\libmd\crypto\skein\skein_block.c">
      <Filter>Source Files\crypto\skein</Filter>
    </ClCompile>
    <ClCompile Include="..\..\libmd\sha384hl.c">
      <Filter>Source Files</Filter>
    </ClCompile>
    <ClCompile Include="..\..\libmd\skein256hl.c">
      <Filter>Source Files</Filter>
    </ClCompile>
    <ClCompile Include="..\..\libmd\skein512hl.c">
      <Filter>Source Files</Filter>
    </ClCompile>
    <ClCompile Include="..\..\libmd\skein1024hl.c">
      <Filter>Source Files</Filter>
    </ClCompile>
    <ClCompile Include="..\..\libmd\sha512t224hl.c">
      <Filter>Source Files</Filter>
    </ClCompile>
    <ClCompile Include="..\..\libmd\sha512t256hl.c">
      <Filter>Source Files</Filter>
    </ClCompile>
    <ClCompile Include="..\..\libmd\sha224hl.c">
      <Filter>Source Files</Filter>
    </ClCompile>
  </ItemGroup>
  <ItemGroup>
    <ClInclude Include="..\..\libmd\md4.h">
      <Filter>Header Files</Filter>
    </ClInclude>
    <ClInclude Include="..\..\libmd\md5.h">
      <Filter>Header Files</Filter>
    </ClInclude>
    <ClInclude Include="..\..\libmd\ripemd.h">
      <Filter>Header Files</Filter>
    </ClInclude>
    <ClInclude Include="..\..\libmd\rmd_locl.h">
      <Filter>Header Files</Filter>
    </ClInclude>
    <ClInclude Include="..\..\libmd\rmdconst.h">
      <Filter>Header Files</Filter>
    </ClInclude>
    <ClInclude Include="..\..\libmd\sha.h">
      <Filter>Header Files</Filter>
    </ClInclude>
    <ClInclude Include="..\..\libmd\sha_locl.h">
      <Filter>Header Files</Filter>
    </ClInclude>
    <ClInclude Include="..\..\libmd\supp\w32defs.h">
      <Filter>Header Files\supp</Filter>
    </ClInclude>
    <ClInclude Include="..\..\libmd\crypto\sha2\sha256.h">
      <Filter>Header Files\crypto\sha2</Filter>
    </ClInclude>
    <ClInclude Include="..\..\libmd\crypto\sha2\sha384.h">
      <Filter>Header Files\crypto\sha2</Filter>
    </ClInclude>
    <ClInclude Include="..\..\libmd\crypto\sha2\sha512.h">
      <Filter>Header Files\crypto\sha2</Filter>
    </ClInclude>
    <ClInclude Include="..\..\libmd\crypto\sha2\sha512t.h">
      <Filter>Header Files\crypto\sha2</Filter>
    </ClInclude>
    <ClInclude Include="..\..\libmd\crypto\skein\skein.h">
      <Filter>Header Files\crypto\skein</Filter>
    </ClInclude>
    <ClInclude Include="..\..\libmd\crypto\skein\skein_debug.h">
      <Filter>Header Files\crypto\skein</Filter>
    </ClInclude>
    <ClInclude Include="..\..\libmd\crypto\skein\skein_freebsd.h">
      <Filter>Header Files\crypto\skein</Filter>
    </ClInclude>
    <ClInclude Include="..\..\libmd\crypto\skein\skein_iv.h">
      <Filter>Header Files\crypto\skein</Filter>
    </ClInclude>
    <ClInclude Include="..\..\libmd\crypto\skein\skein_port.h">
      <Filter>Header Files\crypto\skein</Filter>
    </ClInclude>
    <ClInclude Include="..\..\libmd\crypto\sha2\sha224.h">
      <Filter>Header Files\crypto\sha2</Filter>
    </ClInclude>
    <ClInclude Include="..\..\libmd\supp\bswap.h">
      <Filter>Header Files\supp</Filter>
    </ClInclude>
    <ClInclude Include="..\..\libmd\supp\explicit_bzero.h">
      <Filter>Header Files\supp</Filter>
    </ClInclude>
    <ClInclude Include="..\..\libmd\supp\isdefs.h">
      <Filter>Header Files\supp</Filter>
    </ClInclude>
  </ItemGroup>
</Project>